
Microsoft Visual Studio Solution File, Format Version 12.00
# Visual Studio Version 17
VisualStudioVersion = 17.7.34221.43
MinimumVisualStudioVersion = 10.0.40219.1
Project("{FAE04EC0-301F-11D3-BF4B-00C04F79EFBC}") = "Library Management System", "Library Management System\Library Management System.csproj", "{1A33D158-EFF7-407B-AE56-C9DB677C6C15}"
EndProject
Global
	GlobalSection(SolutionConfigurationPlatforms) = preSolution
		Debug|Any CPU = Debug|Any CPU
		Release|Any CPU = Release|Any CPU
	EndGlobalSection
	GlobalSection(ProjectConfigurationPlatforms) = postSolution
		{1A33D158-EFF7-407B-AE56-C9DB677C6C15}.Debug|Any CPU.ActiveCfg = Debug|Any CPU
		{1A33D158-EFF7-407B-AE56-C9DB677C6C15}.Debug|Any CPU.Build.0 = Debug|Any CPU
		{1A33D158-EFF7-407B-AE56-C9DB677C6C15}.Release|Any CPU.ActiveCfg = Release|Any CPU
		{1A33D158-EFF7-407B-AE56-C9DB677C6C15}.Release|Any CPU.Build.0 = Release|Any CPU
	EndGlobalSection
	GlobalSection(SolutionProperties) = preSolution
		HideSolutionNode = FALSE
	EndGlobalSection
	GlobalSection(ExtensibilityGlobals) = postSolution
		SolutionGuid = {2C88887C-5F77-4392-897E-BE7C8FB84092}
	EndGlobalSection
EndGlobal
